// !$*UTF8*$!
{
	archiveVersion = 1;
	classes = {
	};
	objectVersion = 48;
	objects = {

/* Begin PBXBuildFile section */
		B488030F1FFC38DA00EA0DBB /* main.cpp in Sources */ = {isa = PBXBuildFile; fileRef = B488030E1FFC38DA00EA0DBB /* main.cpp */; };
/* End PBXBuildFile section */

/* Begin PBXFileReference section */
		B488030B1FFC38DA00EA0DBB /* YAFGWWFML */ = {isa = PBXFileReference; explicitFileType = "compiled.mach-o.executable"; includeInIndex = 0; path = YAFGWWFML; sourceTree = BUILT_PRODUCTS_DIR; };
		B488030E1FFC38DA00EA0DBB /* main.cpp */ = {isa = PBXFileReference; lastKnownFileType = sourcecode.cpp.cpp; path = main.cpp; sourceTree = "<group>"; };
		B48803111FFC38DA00EA0DBB /* cute_image.jpg */ = {isa = PBXFileReference; lastKnownFileType = image.jpeg; path = cute_image.jpg; sourceTree = "<group>"; };
		B48803121FFC38DA00EA0DBB /* nice_music.ogg */ = {isa = PBXFileReference; lastKnownFileType = file; path = nice_music.ogg; sourceTree = "<group>"; };
		B48803131FFC38DA00EA0DBB /* sansation.ttf */ = {isa = PBXFileReference; lastKnownFileType = file; path = sansation.ttf; sourceTree = "<group>"; };
		B48803141FFC38DA00EA0DBB /* icon.png */ = {isa = PBXFileReference; lastKnownFileType = image.png; path = icon.png; sourceTree = "<group>"; };
/* End PBXFileReference section */

/* Begin PBXFrameworksBuildPhase section */
		B48803091FFC38DA00EA0DBB /* Frameworks */ = {
			isa = PBXFrameworksBuildPhase;
			buildActionMask = 2147483647;
			files = (
			);
			runOnlyForDeploymentPostprocessing = 0;
		};
/* End PBXFrameworksBuildPhase section */

/* Begin PBXGroup section */
		B48803031FFC38DA00EA0DBB = {
			isa = PBXGroup;
			children = (
				B488030D1FFC38DA00EA0DBB /* YAFGWWFML */,
				B488030C1FFC38DA00EA0DBB /* Products */,
			);
			sourceTree = "<group>";
		};
		B488030C1FFC38DA00EA0DBB /* Products */ = {
			isa = PBXGroup;
			children = (
				B488030B1FFC38DA00EA0DBB /* YAFGWWFML */,
			);
			name = Products;
			sourceTree = "<group>";
		};
		B488030D1FFC38DA00EA0DBB /* YAFGWWFML */ = {
			isa = PBXGroup;
			children = (
				B488030E1FFC38DA00EA0DBB /* main.cpp */,
				B48803101FFC38DA00EA0DBB /* Resources */,
			);
			path = YAFGWWFML;
			sourceTree = "<group>";
		};
		B48803101FFC38DA00EA0DBB /* Resources */ = {
			isa = PBXGroup;
			children = (
				B48803111FFC38DA00EA0DBB /* cute_image.jpg */,
				B48803121FFC38DA00EA0DBB /* nice_music.ogg */,
				B48803131FFC38DA00EA0DBB /* sansation.ttf */,
				B48803141FFC38DA00EA0DBB /* icon.png */,
			);
			name = Resources;
			sourceTree = "<group>";
		};
/* End PBXGroup section */

/* Begin PBXNativeTarget section */
		B488030A1FFC38DA00EA0DBB /* YAFGWWFML */ = {
			isa = PBXNativeTarget;
			buildConfigurationList = B48803171FFC38DA00EA0DBB /* Build configuration list for PBXNativeTarget "YAFGWWFML" */;
			buildPhases = (
				B48803081FFC38DA00EA0DBB /* Sources */,
				B48803091FFC38DA00EA0DBB /* Frameworks */,
			);
			buildRules = (
			);
			dependencies = (
			);
			name = YAFGWWFML;
			productName = YAFGWWFML;
			productReference = B488030B1FFC38DA00EA0DBB /* YAFGWWFML */;
			productType = "com.apple.product-type.tool";
		};
/* End PBXNativeTarget section */

/* Begin PBXProject section */
		B48803041FFC38DA00EA0DBB /* Project object */ = {
			isa = PBXProject;
			attributes = {
				LastUpgradeCheck = 0920;
				ORGANIZATIONNAME = "Sean Kearney";
				TargetAttributes = {
					B488030A1FFC38DA00EA0DBB = {
						CreatedOnToolsVersion = 9.2;
						ProvisioningStyle = Automatic;
					};
				};
			};
			buildConfigurationList = B48803071FFC38DA00EA0DBB /* Build configuration list for PBXProject "YAFGWWFML" */;
			compatibilityVersion = "Xcode 8.0";
			developmentRegion = en;
			hasScannedForEncodings = 0;
			knownRegions = (
				en,
			);
			mainGroup = B48803031FFC38DA00EA0DBB;
			productRefGroup = B488030C1FFC38DA00EA0DBB /* Products */;
			projectDirPath = "";
			projectRoot = "";
			targets = (
				B488030A1FFC38DA00EA0DBB /* YAFGWWFML */,
			);
		};
/* End PBXProject section */

/* Begin PBXSourcesBuildPhase section */
		B48803081FFC38DA00EA0DBB /* Sources */ = {
			isa = PBXSourcesBuildPhase;
			buildActionMask = 2147483647;
			files = (
				B488030F1FFC38DA00EA0DBB /* main.cpp in Sources */,
			);
			runOnlyForDeploymentPostprocessing = 0;
		};
/* End PBXSourcesBuildPhase section */

/* Begin XCBuildConfiguration section */
		B48803151FFC38DA00EA0DBB /* Debug */ = {
			isa = XCBuildConfiguration;
			buildSettings = {
				ARCHS = "$(NATIVE_ARCH_ACTUAL)";
				CLANG_CXX_LANGUAGE_STANDARD = "c++0x";
				CLANG_CXX_LIBRARY = "libc++";
				FRAMEWORK_SEARCH_PATHS = (
					/Library/Frameworks/,
					"$(inherited)",
				);
				GCC_VERSION = com.apple.compilers.llvm.clang.1_0;
				HEADER_SEARCH_PATHS = (
					/usr/local/include/,
					"$(inherited)",
				);
				LIBRARY_SEARCH_PATHS = (
					/usr/local/lib/,
					"$(inherited)",
				);
				MACOSX_DEPLOYMENT_TARGET = 10.7;
				OTHER_LDFLAGS = (
					"$(inherited)",
					"$(SFML_SYSTEM)",
					"$(SFML_WINDOW)",
					"$(SFML_GRAPHICS)",
					"$(SFML_AUDIO)",
					"$(SFML_NETWORK)",
				);
				SFML_AUDIO = "$(SFML_LINK_PREFIX) sfml-audio$(SFML_LINK_SUFFIX)";
				SFML_BINARY_TYPE = FRAMEWORKS;
				SFML_GRAPHICS = "$(SFML_LINK_PREFIX) sfml-graphics$(SFML_LINK_SUFFIX)";
				SFML_LINK_DYLIBS_PREFIX = "-l";
				SFML_LINK_DYLIBS_SUFFIX = "";
				SFML_LINK_FRAMEWORKS_PREFIX = "-framework";
				SFML_LINK_FRAMEWORKS_SUFFIX = "";
				SFML_LINK_PREFIX = "$(SFML_LINK_$(SFML_BINARY_TYPE)_PREFIX)";
				SFML_LINK_SUFFIX = "$(SFML_LINK_$(SFML_BINARY_TYPE)_SUFFIX)";
				SFML_NETWORK = "$(SFML_LINK_PREFIX) sfml-network$(SFML_LINK_SUFFIX)";
				SFML_SYSTEM = "$(SFML_LINK_PREFIX) sfml-system$(SFML_LINK_SUFFIX)";
				SFML_WINDOW = "$(SFML_LINK_PREFIX) sfml-window$(SFML_LINK_SUFFIX)";
				SUPPORTED_PLATFORMS = macosx;
			};
			name = Debug;
		};
		B48803161FFC38DA00EA0DBB /* Release */ = {
			isa = XCBuildConfiguration;
			buildSettings = {
				ARCHS = "$(NATIVE_ARCH_ACTUAL)";
				CLANG_CXX_LANGUAGE_STANDARD = "c++0x";
				CLANG_CXX_LIBRARY = "libc++";
				FRAMEWORK_SEARCH_PATHS = (
					/Library/Frameworks/,
					"$(inherited)",
				);
				GCC_VERSION = com.apple.compilers.llvm.clang.1_0;
				HEADER_SEARCH_PATHS = (
					/usr/local/include/,
					"$(inherited)",
				);
				LIBRARY_SEARCH_PATHS = (
					/usr/local/lib/,
					"$(inherited)",
				);
				MACOSX_DEPLOYMENT_TARGET = 10.7;
				OTHER_LDFLAGS = (
					"$(inherited)",
					"$(SFML_SYSTEM)",
					"$(SFML_WINDOW)",
					"$(SFML_GRAPHICS)",
					"$(SFML_AUDIO)",
					"$(SFML_NETWORK)",
				);
				SFML_AUDIO = "$(SFML_LINK_PREFIX) sfml-audio$(SFML_LINK_SUFFIX)";
				SFML_BINARY_TYPE = FRAMEWORKS;
				SFML_GRAPHICS = "$(SFML_LINK_PREFIX) sfml-graphics$(SFML_LINK_SUFFIX)";
				SFML_LINK_DYLIBS_PREFIX = "-l";
				SFML_LINK_DYLIBS_SUFFIX = "";
				SFML_LINK_FRAMEWORKS_PREFIX = "-framework";
				SFML_LINK_FRAMEWORKS_SUFFIX = "";
				SFML_LINK_PREFIX = "$(SFML_LINK_$(SFML_BINARY_TYPE)_PREFIX)";
				SFML_LINK_SUFFIX = "$(SFML_LINK_$(SFML_BINARY_TYPE)_SUFFIX)";
				SFML_NETWORK = "$(SFML_LINK_PREFIX) sfml-network$(SFML_LINK_SUFFIX)";
				SFML_SYSTEM = "$(SFML_LINK_PREFIX) sfml-system$(SFML_LINK_SUFFIX)";
				SFML_WINDOW = "$(SFML_LINK_PREFIX) sfml-window$(SFML_LINK_SUFFIX)";
				SUPPORTED_PLATFORMS = macosx;
			};
			name = Release;
		};
		B48803181FFC38DA00EA0DBB /* Debug */ = {
			isa = XCBuildConfiguration;
			buildSettings = {
				CODE_SIGN_STYLE = Automatic;
				DEVELOPMENT_TEAM = 87TGSG2P58;
				PRODUCT_NAME = "$(TARGET_NAME)";
			};
			name = Debug;
		};
		B48803191FFC38DA00EA0DBB /* Release */ = {
			isa = XCBuildConfiguration;
			buildSettings = {
				CODE_SIGN_STYLE = Automatic;
				DEVELOPMENT_TEAM = 87TGSG2P58;
				PRODUCT_NAME = "$(TARGET_NAME)";
			};
			name = Release;
		};
/* End XCBuildConfiguration section */

/* Begin XCConfigurationList section */
		B48803071FFC38DA00EA0DBB /* Build configuration list for PBXProject "YAFGWWFML" */ = {
			isa = XCConfigurationList;
			buildConfigurations = (
				B48803151FFC38DA00EA0DBB /* Debug */,
				B48803161FFC38DA00EA0DBB /* Release */,
			);
			defaultConfigurationIsVisible = 0;
			defaultConfigurationName = Release;
		};
		B48803171FFC38DA00EA0DBB /* Build configuration list for PBXNativeTarget "YAFGWWFML" */ = {
			isa = XCConfigurationList;
			buildConfigurations = (
				B48803181FFC38DA00EA0DBB /* Debug */,
				B48803191FFC38DA00EA0DBB /* Release */,
			);
			defaultConfigurationIsVisible = 0;
			defaultConfigurationName = Release;
		};
/* End XCConfigurationList section */
	};
	rootObject = B48803041FFC38DA00EA0DBB /* Project object */;
}
